
Microsoft Visual Studio Solution File, Format Version 12.00
# Visual Studio Version 17
VisualStudioVersion = 17.7.34202.233
MinimumVisualStudioVersion = 10.0.40219.1
Project("{FAE04EC0-301F-11D3-BF4B-00C04F79EFBC}") = "ClubMenagment", "ClubMenagment\ClubMenagment.csproj", "{23BCFF82-AE92-4875-B0C9-32A83EF92034}"
EndProject
Global
	GlobalSection(SolutionConfigurationPlatforms) = preSolution
		Debug|Any CPU = Debug|Any CPU
		Release|Any CPU = Release|Any CPU
	EndGlobalSection
	GlobalSection(ProjectConfigurationPlatforms) = postSolution
		{23BCFF82-AE92-4875-B0C9-32A83EF92034}.Debug|Any CPU.ActiveCfg = Debug|Any CPU
		{23BCFF82-AE92-4875-B0C9-32A83EF92034}.Debug|Any CPU.Build.0 = Debug|Any CPU
		{23BCFF82-AE92-4875-B0C9-32A83EF92034}.Release|Any CPU.ActiveCfg = Release|Any CPU
		{23BCFF82-AE92-4875-B0C9-32A83EF92034}.Release|Any CPU.Build.0 = Release|Any CPU
	EndGlobalSection
	GlobalSection(SolutionProperties) = preSolution
		HideSolutionNode = FALSE
	EndGlobalSection
	GlobalSection(ExtensibilityGlobals) = postSolution
		SolutionGuid = {F55ACD68-AE84-4A6E-AA51-B59FF4C6354B}
	EndGlobalSection
EndGlobal
